
Microsoft Visual Studio Solution File, Format Version 12.00
# Visual Studio Version 17
VisualStudioVersion = 17.14.36203.30 d17.14
MinimumVisualStudioVersion = 10.0.40219.1
Project("{FAE04EC0-301F-11D3-BF4B-00C04F79EFBC}") = "Datos", "Datos\Datos.csproj", "{9215098A-AE74-4F5B-9F22-AC941725ECAB}"
EndProject
Project("{FAE04EC0-301F-11D3-BF4B-00C04F79EFBC}") = "Entidad", "Entidad\Entidad.csproj", "{B12BA86B-C65B-42D6-8B55-56DAEB87CBF0}"
EndProject
Project("{FAE04EC0-301F-11D3-BF4B-00C04F79EFBC}") = "Negocio", "Negocio\Negocio.csproj", "{B7EA7EF5-B002-4821-9096-8E0824633C9C}"
EndProject
Project("{FAE04EC0-301F-11D3-BF4B-00C04F79EFBC}") = "Presentacion", "Presentacion\Presentacion.csproj", "{054826C2-B320-4544-956B-F122AAE134C7}"
EndProject
Global
	GlobalSection(SolutionConfigurationPlatforms) = preSolution
		Debug|Any CPU = Debug|Any CPU
		Release|Any CPU = Release|Any CPU
	EndGlobalSection
	GlobalSection(ProjectConfigurationPlatforms) = postSolution
		{9215098A-AE74-4F5B-9F22-AC941725ECAB}.Debug|Any CPU.ActiveCfg = Debug|Any CPU
		{9215098A-AE74-4F5B-9F22-AC941725ECAB}.Debug|Any CPU.Build.0 = Debug|Any CPU
		{9215098A-AE74-4F5B-9F22-AC941725ECAB}.Release|Any CPU.ActiveCfg = Release|Any CPU
		{9215098A-AE74-4F5B-9F22-AC941725ECAB}.Release|Any CPU.Build.0 = Release|Any CPU
		{B12BA86B-C65B-42D6-8B55-56DAEB87CBF0}.Debug|Any CPU.ActiveCfg = Debug|Any CPU
		{B12BA86B-C65B-42D6-8B55-56DAEB87CBF0}.Debug|Any CPU.Build.0 = Debug|Any CPU
		{B12BA86B-C65B-42D6-8B55-56DAEB87CBF0}.Release|Any CPU.ActiveCfg = Release|Any CPU
		{B12BA86B-C65B-42D6-8B55-56DAEB87CBF0}.Release|Any CPU.Build.0 = Release|Any CPU
		{B7EA7EF5-B002-4821-9096-8E0824633C9C}.Debug|Any CPU.ActiveCfg = Debug|Any CPU
		{B7EA7EF5-B002-4821-9096-8E0824633C9C}.Debug|Any CPU.Build.0 = Debug|Any CPU
		{B7EA7EF5-B002-4821-9096-8E0824633C9C}.Release|Any CPU.ActiveCfg = Release|Any CPU
		{B7EA7EF5-B002-4821-9096-8E0824633C9C}.Release|Any CPU.Build.0 = Release|Any CPU
		{054826C2-B320-4544-956B-F122AAE134C7}.Debug|Any CPU.ActiveCfg = Debug|Any CPU
		{054826C2-B320-4544-956B-F122AAE134C7}.Debug|Any CPU.Build.0 = Debug|Any CPU
		{054826C2-B320-4544-956B-F122AAE134C7}.Release|Any CPU.ActiveCfg = Release|Any CPU
		{054826C2-B320-4544-956B-F122AAE134C7}.Release|Any CPU.Build.0 = Release|Any CPU
	EndGlobalSection
	GlobalSection(SolutionProperties) = preSolution
		HideSolutionNode = FALSE
	EndGlobalSection
	GlobalSection(ExtensibilityGlobals) = postSolution
		SolutionGuid = {720237AB-CAD8-4A34-A4C5-CC09BDD825E9}
	EndGlobalSection
EndGlobal
